
Microsoft Visual Studio Solution File, Format Version 12.00
# Visual Studio Version 17
VisualStudioVersion = 17.3.32825.248
MinimumVisualStudioVersion = 10.0.40219.1
Project("{9A19103F-16F7-4668-BE54-9A1E7A4F7556}") = "API", "API\API.csproj", "{C3A371EC-B4AB-4755-8ABC-AC48FACB7B59}"
EndProject
Project("{9A19103F-16F7-4668-BE54-9A1E7A4F7556}") = "Core", "Core\Core.csproj", "{6E297FC0-7761-45B3-8447-A1AAB5D6E18D}"
EndProject
Project("{9A19103F-16F7-4668-BE54-9A1E7A4F7556}") = "Infrastructure", "Infrastructure\Infrastructure.csproj", "{96F4E851-17E9-40BF-AFE8-D5815812EE8B}"
EndProject
Project("{FAE04EC0-301F-11D3-BF4B-00C04F79EFBC}") = "ControllerTests", "ControllerTests\ControllerTests.csproj", "{0C3FCE86-0ADC-4962-9797-A357973BD342}"
EndProject
Global
	GlobalSection(SolutionConfigurationPlatforms) = preSolution
		Debug|Any CPU = Debug|Any CPU
		Release|Any CPU = Release|Any CPU
	EndGlobalSection
	GlobalSection(ProjectConfigurationPlatforms) = postSolution
		{C3A371EC-B4AB-4755-8ABC-AC48FACB7B59}.Debug|Any CPU.ActiveCfg = Debug|Any CPU
		{C3A371EC-B4AB-4755-8ABC-AC48FACB7B59}.Debug|Any CPU.Build.0 = Debug|Any CPU
		{C3A371EC-B4AB-4755-8ABC-AC48FACB7B59}.Release|Any CPU.ActiveCfg = Release|Any CPU
		{C3A371EC-B4AB-4755-8ABC-AC48FACB7B59}.Release|Any CPU.Build.0 = Release|Any CPU
		{6E297FC0-7761-45B3-8447-A1AAB5D6E18D}.Debug|Any CPU.ActiveCfg = Debug|Any CPU
		{6E297FC0-7761-45B3-8447-A1AAB5D6E18D}.Debug|Any CPU.Build.0 = Debug|Any CPU
		{6E297FC0-7761-45B3-8447-A1AAB5D6E18D}.Release|Any CPU.ActiveCfg = Release|Any CPU
		{6E297FC0-7761-45B3-8447-A1AAB5D6E18D}.Release|Any CPU.Build.0 = Release|Any CPU
		{96F4E851-17E9-40BF-AFE8-D5815812EE8B}.Debug|Any CPU.ActiveCfg = Debug|Any CPU
		{96F4E851-17E9-40BF-AFE8-D5815812EE8B}.Debug|Any CPU.Build.0 = Debug|Any CPU
		{96F4E851-17E9-40BF-AFE8-D5815812EE8B}.Release|Any CPU.ActiveCfg = Release|Any CPU
		{96F4E851-17E9-40BF-AFE8-D5815812EE8B}.Release|Any CPU.Build.0 = Release|Any CPU
		{0C3FCE86-0ADC-4962-9797-A357973BD342}.Debug|Any CPU.ActiveCfg = Debug|Any CPU
		{0C3FCE86-0ADC-4962-9797-A357973BD342}.Debug|Any CPU.Build.0 = Debug|Any CPU
		{0C3FCE86-0ADC-4962-9797-A357973BD342}.Release|Any CPU.ActiveCfg = Release|Any CPU
		{0C3FCE86-0ADC-4962-9797-A357973BD342}.Release|Any CPU.Build.0 = Release|Any CPU
	EndGlobalSection
	GlobalSection(SolutionProperties) = preSolution
		HideSolutionNode = FALSE
	EndGlobalSection
	GlobalSection(ExtensibilityGlobals) = postSolution
		SolutionGuid = {99DF3672-B7EC-4F89-B0B0-3EF9EEE869D4}
	EndGlobalSection
EndGlobal
