
Microsoft Visual Studio Solution File, Format Version 12.00
# Visual Studio Version 16
VisualStudioVersion = 16.0.30114.105
MinimumVisualStudioVersion = 10.0.40219.1
Project("{FAE04EC0-301F-11D3-BF4B-00C04F79EFBC}") = "API", "API\API.csproj", "{C3A371EC-B4AB-4755-8ABC-AC48FACB7B59}"
EndProject
Project("{FAE04EC0-301F-11D3-BF4B-00C04F79EFBC}") = "Core", "Core\Core.csproj", "{6E297FC0-7761-45B3-8447-A1AAB5D6E18D}"
EndProject
Project("{FAE04EC0-301F-11D3-BF4B-00C04F79EFBC}") = "Infrastructure", "Infrastructure\Infrastructure.csproj", "{96F4E851-17E9-40BF-AFE8-D5815812EE8B}"
EndProject
Global
	GlobalSection(SolutionConfigurationPlatforms) = preSolution
		Debug|Any CPU = Debug|Any CPU
		Release|Any CPU = Release|Any CPU
	EndGlobalSection
	GlobalSection(SolutionProperties) = preSolution
		HideSolutionNode = FALSE
	EndGlobalSection
	GlobalSection(ProjectConfigurationPlatforms) = postSolution
		{C3A371EC-B4AB-4755-8ABC-AC48FACB7B59}.Debug|Any CPU.ActiveCfg = Debug|Any CPU
		{C3A371EC-B4AB-4755-8ABC-AC48FACB7B59}.Debug|Any CPU.Build.0 = Debug|Any CPU
		{C3A371EC-B4AB-4755-8ABC-AC48FACB7B59}.Release|Any CPU.ActiveCfg = Release|Any CPU
		{C3A371EC-B4AB-4755-8ABC-AC48FACB7B59}.Release|Any CPU.Build.0 = Release|Any CPU
		{6E297FC0-7761-45B3-8447-A1AAB5D6E18D}.Debug|Any CPU.ActiveCfg = Debug|Any CPU
		{6E297FC0-7761-45B3-8447-A1AAB5D6E18D}.Debug|Any CPU.Build.0 = Debug|Any CPU
		{6E297FC0-7761-45B3-8447-A1AAB5D6E18D}.Release|Any CPU.ActiveCfg = Release|Any CPU
		{6E297FC0-7761-45B3-8447-A1AAB5D6E18D}.Release|Any CPU.Build.0 = Release|Any CPU
		{96F4E851-17E9-40BF-AFE8-D5815812EE8B}.Debug|Any CPU.ActiveCfg = Debug|Any CPU
		{96F4E851-17E9-40BF-AFE8-D5815812EE8B}.Debug|Any CPU.Build.0 = Debug|Any CPU
		{96F4E851-17E9-40BF-AFE8-D5815812EE8B}.Release|Any CPU.ActiveCfg = Release|Any CPU
		{96F4E851-17E9-40BF-AFE8-D5815812EE8B}.Release|Any CPU.Build.0 = Release|Any CPU
	EndGlobalSection
EndGlobal
